
Microsoft Visual Studio Solution File, Format Version 12.00
# Visual Studio 15
VisualStudioVersion = 15.0.26124.0
MinimumVisualStudioVersion = 15.0.26124.0
Project("{2150E333-8FDC-42A3-9474-1A3956D46DE8}") = "src", "src", "{2F34B812-3C5C-4A06-8020-7E945C35448C}"
EndProject
Project("{FAE04EC0-301F-11D3-BF4B-00C04F79EFBC}") = "Isen.Dotnet.ConsoleApp", "src\Isen.Dotnet.ConsoleApp\Isen.Dotnet.ConsoleApp.csproj", "{EFDEFD33-D943-407B-B154-6A9DAFC1DA4F}"
EndProject
Project("{FAE04EC0-301F-11D3-BF4B-00C04F79EFBC}") = "Isen.Dotnet.Library", "src\Isen.Dotnet.Library\Isen.Dotnet.Library.csproj", "{718A5C67-119A-42D7-872B-65BDCEA1BD8A}"
EndProject
Project("{2150E333-8FDC-42A3-9474-1A3956D46DE8}") = "tests", "tests", "{CA454FF3-A676-4CCC-AA9F-F0C32792F597}"
EndProject
Project("{FAE04EC0-301F-11D3-BF4B-00C04F79EFBC}") = "Isen.Dotnet.UnitTests", "tests\Isen.Dotnet.UnitTests\Isen.Dotnet.UnitTests.csproj", "{A39AEF22-74F5-4019-BF31-4D932732CAD6}"
EndProject
Project("{FAE04EC0-301F-11D3-BF4B-00C04F79EFBC}") = "Isen.Dotnet.Web", "src\Isen.Dotnet.Web\Isen.Dotnet.Web.csproj", "{750F2CC8-B9F6-4702-A455-7D14216B37C9}"
EndProject
Global
	GlobalSection(SolutionConfigurationPlatforms) = preSolution
		Debug|Any CPU = Debug|Any CPU
		Debug|x64 = Debug|x64
		Debug|x86 = Debug|x86
		Release|Any CPU = Release|Any CPU
		Release|x64 = Release|x64
		Release|x86 = Release|x86
	EndGlobalSection
	GlobalSection(SolutionProperties) = preSolution
		HideSolutionNode = FALSE
	EndGlobalSection
	GlobalSection(ProjectConfigurationPlatforms) = postSolution
		{EFDEFD33-D943-407B-B154-6A9DAFC1DA4F}.Debug|Any CPU.ActiveCfg = Debug|Any CPU
		{EFDEFD33-D943-407B-B154-6A9DAFC1DA4F}.Debug|Any CPU.Build.0 = Debug|Any CPU
		{EFDEFD33-D943-407B-B154-6A9DAFC1DA4F}.Debug|x64.ActiveCfg = Debug|Any CPU
		{EFDEFD33-D943-407B-B154-6A9DAFC1DA4F}.Debug|x64.Build.0 = Debug|Any CPU
		{EFDEFD33-D943-407B-B154-6A9DAFC1DA4F}.Debug|x86.ActiveCfg = Debug|Any CPU
		{EFDEFD33-D943-407B-B154-6A9DAFC1DA4F}.Debug|x86.Build.0 = Debug|Any CPU
		{EFDEFD33-D943-407B-B154-6A9DAFC1DA4F}.Release|Any CPU.ActiveCfg = Release|Any CPU
		{EFDEFD33-D943-407B-B154-6A9DAFC1DA4F}.Release|Any CPU.Build.0 = Release|Any CPU
		{EFDEFD33-D943-407B-B154-6A9DAFC1DA4F}.Release|x64.ActiveCfg = Release|Any CPU
		{EFDEFD33-D943-407B-B154-6A9DAFC1DA4F}.Release|x64.Build.0 = Release|Any CPU
		{EFDEFD33-D943-407B-B154-6A9DAFC1DA4F}.Release|x86.ActiveCfg = Release|Any CPU
		{EFDEFD33-D943-407B-B154-6A9DAFC1DA4F}.Release|x86.Build.0 = Release|Any CPU
		{718A5C67-119A-42D7-872B-65BDCEA1BD8A}.Debug|Any CPU.ActiveCfg = Debug|Any CPU
		{718A5C67-119A-42D7-872B-65BDCEA1BD8A}.Debug|Any CPU.Build.0 = Debug|Any CPU
		{718A5C67-119A-42D7-872B-65BDCEA1BD8A}.Debug|x64.ActiveCfg = Debug|Any CPU
		{718A5C67-119A-42D7-872B-65BDCEA1BD8A}.Debug|x64.Build.0 = Debug|Any CPU
		{718A5C67-119A-42D7-872B-65BDCEA1BD8A}.Debug|x86.ActiveCfg = Debug|Any CPU
		{718A5C67-119A-42D7-872B-65BDCEA1BD8A}.Debug|x86.Build.0 = Debug|Any CPU
		{718A5C67-119A-42D7-872B-65BDCEA1BD8A}.Release|Any CPU.ActiveCfg = Release|Any CPU
		{718A5C67-119A-42D7-872B-65BDCEA1BD8A}.Release|Any CPU.Build.0 = Release|Any CPU
		{718A5C67-119A-42D7-872B-65BDCEA1BD8A}.Release|x64.ActiveCfg = Release|Any CPU
		{718A5C67-119A-42D7-872B-65BDCEA1BD8A}.Release|x64.Build.0 = Release|Any CPU
		{718A5C67-119A-42D7-872B-65BDCEA1BD8A}.Release|x86.ActiveCfg = Release|Any CPU
		{718A5C67-119A-42D7-872B-65BDCEA1BD8A}.Release|x86.Build.0 = Release|Any CPU
		{A39AEF22-74F5-4019-BF31-4D932732CAD6}.Debug|Any CPU.ActiveCfg = Debug|Any CPU
		{A39AEF22-74F5-4019-BF31-4D932732CAD6}.Debug|Any CPU.Build.0 = Debug|Any CPU
		{A39AEF22-74F5-4019-BF31-4D932732CAD6}.Debug|x64.ActiveCfg = Debug|Any CPU
		{A39AEF22-74F5-4019-BF31-4D932732CAD6}.Debug|x64.Build.0 = Debug|Any CPU
		{A39AEF22-74F5-4019-BF31-4D932732CAD6}.Debug|x86.ActiveCfg = Debug|Any CPU
		{A39AEF22-74F5-4019-BF31-4D932732CAD6}.Debug|x86.Build.0 = Debug|Any CPU
		{A39AEF22-74F5-4019-BF31-4D932732CAD6}.Release|Any CPU.ActiveCfg = Release|Any CPU
		{A39AEF22-74F5-4019-BF31-4D932732CAD6}.Release|Any CPU.Build.0 = Release|Any CPU
		{A39AEF22-74F5-4019-BF31-4D932732CAD6}.Release|x64.ActiveCfg = Release|Any CPU
		{A39AEF22-74F5-4019-BF31-4D932732CAD6}.Release|x64.Build.0 = Release|Any CPU
		{A39AEF22-74F5-4019-BF31-4D932732CAD6}.Release|x86.ActiveCfg = Release|Any CPU
		{A39AEF22-74F5-4019-BF31-4D932732CAD6}.Release|x86.Build.0 = Release|Any CPU
		{750F2CC8-B9F6-4702-A455-7D14216B37C9}.Debug|Any CPU.ActiveCfg = Debug|Any CPU
		{750F2CC8-B9F6-4702-A455-7D14216B37C9}.Debug|Any CPU.Build.0 = Debug|Any CPU
		{750F2CC8-B9F6-4702-A455-7D14216B37C9}.Debug|x64.ActiveCfg = Debug|Any CPU
		{750F2CC8-B9F6-4702-A455-7D14216B37C9}.Debug|x64.Build.0 = Debug|Any CPU
		{750F2CC8-B9F6-4702-A455-7D14216B37C9}.Debug|x86.ActiveCfg = Debug|Any CPU
		{750F2CC8-B9F6-4702-A455-7D14216B37C9}.Debug|x86.Build.0 = Debug|Any CPU
		{750F2CC8-B9F6-4702-A455-7D14216B37C9}.Release|Any CPU.ActiveCfg = Release|Any CPU
		{750F2CC8-B9F6-4702-A455-7D14216B37C9}.Release|Any CPU.Build.0 = Release|Any CPU
		{750F2CC8-B9F6-4702-A455-7D14216B37C9}.Release|x64.ActiveCfg = Release|Any CPU
		{750F2CC8-B9F6-4702-A455-7D14216B37C9}.Release|x64.Build.0 = Release|Any CPU
		{750F2CC8-B9F6-4702-A455-7D14216B37C9}.Release|x86.ActiveCfg = Release|Any CPU
		{750F2CC8-B9F6-4702-A455-7D14216B37C9}.Release|x86.Build.0 = Release|Any CPU
	EndGlobalSection
	GlobalSection(NestedProjects) = preSolution
		{EFDEFD33-D943-407B-B154-6A9DAFC1DA4F} = {2F34B812-3C5C-4A06-8020-7E945C35448C}
		{718A5C67-119A-42D7-872B-65BDCEA1BD8A} = {2F34B812-3C5C-4A06-8020-7E945C35448C}
		{A39AEF22-74F5-4019-BF31-4D932732CAD6} = {CA454FF3-A676-4CCC-AA9F-F0C32792F597}
		{750F2CC8-B9F6-4702-A455-7D14216B37C9} = {2F34B812-3C5C-4A06-8020-7E945C35448C}
	EndGlobalSection
EndGlobal
